// !$*UTF8*$!
{
	archiveVersion = 1;
	classes = {
	};
	objectVersion = 77;
	objects = {

/* Begin PBXBuildFile section */
		42DAF8A82F5EA92A0059B01B /* Kingfisher in Frameworks */ = {isa = PBXBuildFile; productRef = 42DAF8A72F5EA92A0059B01B /* Kingfisher */; };
		42DAF8AB2F5EA9360059B01B /* SnapKit in Frameworks */ = {isa = PBXBuildFile; productRef = 42DAF8AA2F5EA9360059B01B /* SnapKit */; };
/* End PBXBuildFile section */

/* Begin PBXContainerItemProxy section */
		4284A64C2F0A8F20007DBB31 /* PBXContainerItemProxy */ = {
			isa = PBXContainerItemProxy;
			containerPortal = 4284A62D2F0A8F1E007DBB31 /* Project object */;
			proxyType = 1;
			remoteGlobalIDString = 4284A6342F0A8F1E007DBB31;
			remoteInfo = ShikimoriPetApp;
		};
		4284A6562F0A8F20007DBB31 /* PBXContainerItemProxy */ = {
			isa = PBXContainerItemProxy;
			containerPortal = 4284A62D2F0A8F1E007DBB31 /* Project object */;
			proxyType = 1;
			remoteGlobalIDString = 4284A6342F0A8F1E007DBB31;
			remoteInfo = ShikimoriPetApp;
		};
/* End PBXContainerItemProxy section */

/* Begin PBXFileReference section */
		4284A6352F0A8F1E007DBB31 /* ShikimoriPetApp.app */ = {isa = PBXFileReference; explicitFileType = wrapper.application; includeInIndex = 0; path = ShikimoriPetApp.app; sourceTree = BUILT_PRODUCTS_DIR; };
		4284A64B2F0A8F20007DBB31 /* ShikimoriPetAppTests.xctest */ = {isa = PBXFileReference; explicitFileType = wrapper.cfbundle; includeInIndex = 0; path = ShikimoriPetAppTests.xctest; sourceTree = BUILT_PRODUCTS_DIR; };
		4284A6552F0A8F20007DBB31 /* ShikimoriPetAppUITests.xctest */ = {isa = PBXFileReference; explicitFileType = wrapper.cfbundle; includeInIndex = 0; path = ShikimoriPetAppUITests.xctest; sourceTree = BUILT_PRODUCTS_DIR; };
/* End PBXFileReference section */

/* Begin PBXFileSystemSynchronizedBuildFileExceptionSet section */
		424661C92F45D9D60006C850 /* Exceptions for "ShikimoriPetApp" folder in "ShikimoriPetApp" target */ = {
			isa = PBXFileSystemSynchronizedBuildFileExceptionSet;
			membershipExceptions = (
				App/Info.plist,
			);
			target = 4284A6342F0A8F1E007DBB31 /* ShikimoriPetApp */;
		};
/* End PBXFileSystemSynchronizedBuildFileExceptionSet section */

/* Begin PBXFileSystemSynchronizedRootGroup section */
		4284A6372F0A8F1E007DBB31 /* ShikimoriPetApp */ = {
			isa = PBXFileSystemSynchronizedRootGroup;
			exceptions = (
				424661C92F45D9D60006C850 /* Exceptions for "ShikimoriPetApp" folder in "ShikimoriPetApp" target */,
			);
			path = ShikimoriPetApp;
			sourceTree = "<group>";
		};
		4284A64E2F0A8F20007DBB31 /* ShikimoriPetAppTests */ = {
			isa = PBXFileSystemSynchronizedRootGroup;
			path = ShikimoriPetAppTests;
			sourceTree = "<group>";
		};
		4284A6582F0A8F20007DBB31 /* ShikimoriPetAppUITests */ = {
			isa = PBXFileSystemSynchronizedRootGroup;
			path = ShikimoriPetAppUITests;
			sourceTree = "<group>";
		};
/* End PBXFileSystemSynchronizedRootGroup section */

/* Begin PBXFrameworksBuildPhase section */
		4284A6322F0A8F1E007DBB31 /* Frameworks */ = {
			isa = PBXFrameworksBuildPhase;
			buildActionMask = 2147483647;
			files = (
				42DAF8A82F5EA92A0059B01B /* Kingfisher in Frameworks */,
				42DAF8AB2F5EA9360059B01B /* SnapKit in Frameworks */,
			);
			runOnlyForDeploymentPostprocessing = 0;
		};
		4284A6482F0A8F20007DBB31 /* Frameworks */ = {
			isa = PBXFrameworksBuildPhase;
			buildActionMask = 2147483647;
			files = (
			);
			runOnlyForDeploymentPostprocessing = 0;
		};
		4284A6522F0A8F20007DBB31 /* Frameworks */ = {
			isa = PBXFrameworksBuildPhase;
			buildActionMask = 2147483647;
			files = (
			);
			runOnlyForDeploymentPostprocessing = 0;
		};
/* End PBXFrameworksBuildPhase section */

/* Begin PBXGroup section */
		4284A62C2F0A8F1E007DBB31 = {
			isa = PBXGroup;
			children = (
				4284A6372F0A8F1E007DBB31 /* ShikimoriPetApp */,
				4284A64E2F0A8F20007DBB31 /* ShikimoriPetAppTests */,
				4284A6582F0A8F20007DBB31 /* ShikimoriPetAppUITests */,
				4284A6362F0A8F1E007DBB31 /* Products */,
			);
			sourceTree = "<group>";
		};
		4284A6362F0A8F1E007DBB31 /* Products */ = {
			isa = PBXGroup;
			children = (
				4284A6352F0A8F1E007DBB31 /* ShikimoriPetApp.app */,
				4284A64B2F0A8F20007DBB31 /* ShikimoriPetAppTests.xctest */,
				4284A6552F0A8F20007DBB31 /* ShikimoriPetAppUITests.xctest */,
			);
			name = Products;
			sourceTree = "<group>";
		};
/* End PBXGroup section */

/* Begin PBXNativeTarget section */
		4284A6342F0A8F1E007DBB31 /* ShikimoriPetApp */ = {
			isa = PBXNativeTarget;
			buildConfigurationList = 4284A65E2F0A8F20007DBB31 /* Build configuration list for PBXNativeTarget "ShikimoriPetApp" */;
			buildPhases = (
				4284A6312F0A8F1E007DBB31 /* Sources */,
				4284A6322F0A8F1E007DBB31 /* Frameworks */,
				4284A6332F0A8F1E007DBB31 /* Resources */,
			);
			buildRules = (
			);
			dependencies = (
			);
			fileSystemSynchronizedGroups = (
				4284A6372F0A8F1E007DBB31 /* ShikimoriPetApp */,
			);
			name = ShikimoriPetApp;
			packageProductDependencies = (
				42DAF8A72F5EA92A0059B01B /* Kingfisher */,
				42DAF8AA2F5EA9360059B01B /* SnapKit */,
			);
			productName = ShikimoriPetApp;
			productReference = 4284A6352F0A8F1E007DBB31 /* ShikimoriPetApp.app */;
			productType = "com.apple.product-type.application";
		};
		4284A64A2F0A8F20007DBB31 /* ShikimoriPetAppTests */ = {
			isa = PBXNativeTarget;
			buildConfigurationList = 4284A6632F0A8F20007DBB31 /* Build configuration list for PBXNativeTarget "ShikimoriPetAppTests" */;
			buildPhases = (
				4284A6472F0A8F20007DBB31 /* Sources */,
				4284A6482F0A8F20007DBB31 /* Frameworks */,
				4284A6492F0A8F20007DBB31 /* Resources */,
			);
			buildRules = (
			);
			dependencies = (
				4284A64D2F0A8F20007DBB31 /* PBXTargetDependency */,
			);
			fileSystemSynchronizedGroups = (
				4284A64E2F0A8F20007DBB31 /* ShikimoriPetAppTests */,
			);
			name = ShikimoriPetAppTests;
			packageProductDependencies = (
			);
			productName = ShikimoriPetAppTests;
			productReference = 4284A64B2F0A8F20007DBB31 /* ShikimoriPetAppTests.xctest */;
			productType = "com.apple.product-type.bundle.unit-test";
		};
		4284A6542F0A8F20007DBB31 /* ShikimoriPetAppUITests */ = {
			isa = PBXNativeTarget;
			buildConfigurationList = 4284A6662F0A8F20007DBB31 /* Build configuration list for PBXNativeTarget "ShikimoriPetAppUITests" */;
			buildPhases = (
				4284A6512F0A8F20007DBB31 /* Sources */,
				4284A6522F0A8F20007DBB31 /* Frameworks */,
				4284A6532F0A8F20007DBB31 /* Resources */,
			);
			buildRules = (
			);
			dependencies = (
				4284A6572F0A8F20007DBB31 /* PBXTargetDependency */,
			);
			fileSystemSynchronizedGroups = (
				4284A6582F0A8F20007DBB31 /* ShikimoriPetAppUITests */,
			);
			name = ShikimoriPetAppUITests;
			packageProductDependencies = (
			);
			productName = ShikimoriPetAppUITests;
			productReference = 4284A6552F0A8F20007DBB31 /* ShikimoriPetAppUITests.xctest */;
			productType = "com.apple.product-type.bundle.ui-testing";
		};
/* End PBXNativeTarget section */

/* Begin PBXProject section */
		4284A62D2F0A8F1E007DBB31 /* Project object */ = {
			isa = PBXProject;
			attributes = {
				BuildIndependentTargetsInParallel = 1;
				LastSwiftUpdateCheck = 2600;
				LastUpgradeCheck = 2630;
				TargetAttributes = {
					4284A6342F0A8F1E007DBB31 = {
						CreatedOnToolsVersion = 26.0.1;
					};
					4284A64A2F0A8F20007DBB31 = {
						CreatedOnToolsVersion = 26.0.1;
						TestTargetID = 4284A6342F0A8F1E007DBB31;
					};
					4284A6542F0A8F20007DBB31 = {
						CreatedOnToolsVersion = 26.0.1;
						TestTargetID = 4284A6342F0A8F1E007DBB31;
					};
				};
			};
			buildConfigurationList = 4284A6302F0A8F1E007DBB31 /* Build configuration list for PBXProject "ShikimoriPetApp" */;
			developmentRegion = en;
			hasScannedForEncodings = 0;
			knownRegions = (
				en,
				Base,
			);
			mainGroup = 4284A62C2F0A8F1E007DBB31;
			minimizedProjectReferenceProxies = 1;
			packageReferences = (
				42DAF8A62F5EA92A0059B01B /* XCRemoteSwiftPackageReference "Kingfisher" */,
				42DAF8A92F5EA9360059B01B /* XCRemoteSwiftPackageReference "SnapKit" */,
			);
			preferredProjectObjectVersion = 77;
			productRefGroup = 4284A6362F0A8F1E007DBB31 /* Products */;
			projectDirPath = "";
			projectRoot = "";
			targets = (
				4284A6342F0A8F1E007DBB31 /* ShikimoriPetApp */,
				4284A64A2F0A8F20007DBB31 /* ShikimoriPetAppTests */,
				4284A6542F0A8F20007DBB31 /* ShikimoriPetAppUITests */,
			);
		};
/* End PBXProject section */

/* Begin PBXResourcesBuildPhase section */
		4284A6332F0A8F1E007DBB31 /* Resources */ = {
			isa = PBXResourcesBuildPhase;
			buildActionMask = 2147483647;
			files = (
			);
			runOnlyForDeploymentPostprocessing = 0;
		};
		4284A6492F0A8F20007DBB31 /* Resources */ = {
			isa = PBXResourcesBuildPhase;
			buildActionMask = 2147483647;
			files = (
			);
			runOnlyForDeploymentPostprocessing = 0;
		};
		4284A6532F0A8F20007DBB31 /* Resources */ = {
			isa = PBXResourcesBuildPhase;
			buildActionMask = 2147483647;
			files = (
			);
			runOnlyForDeploymentPostprocessing = 0;
		};
/* End PBXResourcesBuildPhase section */

/* Begin PBXSourcesBuildPhase section */
		4284A6312F0A8F1E007DBB31 /* Sources */ = {
			isa = PBXSourcesBuildPhase;
			buildActionMask = 2147483647;
			files = (
			);
			runOnlyForDeploymentPostprocessing = 0;
		};
		4284A6472F0A8F20007DBB31 /* Sources */ = {
			isa = PBXSourcesBuildPhase;
			buildActionMask = 2147483647;
			files = (
			);
			runOnlyForDeploymentPostprocessing = 0;
		};
		4284A6512F0A8F20007DBB31 /* Sources */ = {
			isa = PBXSourcesBuildPhase;
			buildActionMask = 2147483647;
			files = (
			);
			runOnlyForDeploymentPostprocessing = 0;
		};
/* End PBXSourcesBuildPhase section */

/* Begin PBXTargetDependency section */
		4284A64D2F0A8F20007DBB31 /* PBXTargetDependency */ = {
			isa = PBXTargetDependency;
			target = 4284A6342F0A8F1E007DBB31 /* ShikimoriPetApp */;
			targetProxy = 4284A64C2F0A8F20007DBB31 /* PBXContainerItemProxy */;
		};
		4284A6572F0A8F20007DBB31 /* PBXTargetDependency */ = {
			isa = PBXTargetDependency;
			target = 4284A6342F0A8F1E007DBB31 /* ShikimoriPetApp */;
			targetProxy = 4284A6562F0A8F20007DBB31 /* PBXContainerItemProxy */;
		};
/* End PBXTargetDependency section */

/* Begin XCBuildConfiguration section */
		4284A65F2F0A8F20007DBB31 /* Debug */ = {
			isa = XCBuildConfiguration;
			buildSettings = {
				ASSETCATALOG_COMPILER_APPICON_NAME = AppIcon;
				ASSETCATALOG_COMPILER_GLOBAL_ACCENT_COLOR_NAME = AccentColor;
				CODE_SIGN_STYLE = Automatic;
				CURRENT_PROJECT_VERSION = 1;
				DEVELOPMENT_TEAM = 7AWMSQJZ42;
				GENERATE_INFOPLIST_FILE = YES;
				INFOPLIST_FILE = ShikimoriPetApp/App/Info.plist;
				INFOPLIST_KEY_UIApplicationSupportsIndirectInputEvents = YES;
				INFOPLIST_KEY_UILaunchStoryboardName = LaunchScreen;
				INFOPLIST_KEY_UISupportedInterfaceOrientations_iPad = "UIInterfaceOrientationPortrait UIInterfaceOrientationPortraitUpsideDown UIInterfaceOrientationLandscapeLeft UIInterfaceOrientationLandscapeRight";
				INFOPLIST_KEY_UISupportedInterfaceOrientations_iPhone = "UIInterfaceOrientationPortrait UIInterfaceOrientationLandscapeLeft UIInterfaceOrientationLandscapeRight";
				LD_RUNPATH_SEARCH_PATHS = (
					"$(inherited)",
					"@executable_path/Frameworks",
				);
				MARKETING_VERSION = 1.0;
				PRODUCT_BUNDLE_IDENTIFIER = "-.ShikimoriPetApp";
				PRODUCT_NAME = "$(TARGET_NAME)";
				STRING_CATALOG_GENERATE_SYMBOLS = YES;
				SWIFT_APPROACHABLE_CONCURRENCY = YES;
				SWIFT_DEFAULT_ACTOR_ISOLATION = MainActor;
				SWIFT_EMIT_LOC_STRINGS = YES;
				SWIFT_UPCOMING_FEATURE_MEMBER_IMPORT_VISIBILITY = YES;
				SWIFT_VERSION = 5.0;
				TARGETED_DEVICE_FAMILY = "1,2";
			};
			name = Debug;
		};
		4284A6602F0A8F20007DBB31 /* Release */ = {
			isa = XCBuildConfiguration;
			buildSettings = {
				ASSETCATALOG_COMPILER_APPICON_NAME = AppIcon;
				ASSETCATALOG_COMPILER_GLOBAL_ACCENT_COLOR_NAME = AccentColor;
				CODE_SIGN_STYLE = Automatic;
				CURRENT_PROJECT_VERSION = 1;
				DEVELOPMENT_TEAM = 7AWMSQJZ42;
				GENERATE_INFOPLIST_FILE = YES;
				INFOPLIST_FILE = ShikimoriPetApp/App/Info.plist;
				INFOPLIST_KEY_UIApplicationSupportsIndirectInputEvents = YES;
				INFOPLIST_KEY_UILaunchStoryboardName = LaunchScreen;
				INFOPLIST_KEY_UISupportedInterfaceOrientations_iPad = "UIInterfaceOrientationPortrait UIInterfaceOrientationPortraitUpsideDown UIInterfaceOrientationLandscapeLeft UIInterfaceOrientationLandscapeRight";
				INFOPLIST_KEY_UISupportedInterfaceOrientations_iPhone = "UIInterfaceOrientationPortrait UIInterfaceOrientationLandscapeLeft UIInterfaceOrientationLandscapeRight";
				LD_RUNPATH_SEARCH_PATHS = (
					"$(inherited)",
					"@executable_path/Frameworks",
				);
				MARKETING_VERSION = 1.0;
				PRODUCT_BUNDLE_IDENTIFIER = "-.ShikimoriPetApp";
				PRODUCT_NAME = "$(TARGET_NAME)";
				STRING_CATALOG_GENERATE_SYMBOLS = YES;
				SWIFT_APPROACHABLE_CONCURRENCY = YES;
				SWIFT_DEFAULT_ACTOR_ISOLATION = MainActor;
				SWIFT_EMIT_LOC_STRINGS = YES;
				SWIFT_UPCOMING_FEATURE_MEMBER_IMPORT_VISIBILITY = YES;
				SWIFT_VERSION = 5.0;
				TARGETED_DEVICE_FAMILY = "1,2";
			};
			name = Release;
		};
		4284A6612F0A8F20007DBB31 /* Debug */ = {
			isa = XCBuildConfiguration;
			buildSettings = {
				ALWAYS_SEARCH_USER_PATHS = NO;
				ASSETCATALOG_COMPILER_GENERATE_SWIFT_ASSET_SYMBOL_EXTENSIONS = YES;
				CLANG_ANALYZER_NONNULL = YES;
				CLANG_ANALYZER_NUMBER_OBJECT_CONVERSION = YES_AGGRESSIVE;
				CLANG_CXX_LANGUAGE_STANDARD = "gnu++20";
				CLANG_ENABLE_MODULES = YES;
				CLANG_ENABLE_OBJC_ARC = YES;
				CLANG_ENABLE_OBJC_WEAK = YES;
				CLANG_WARN_BLOCK_CAPTURE_AUTORELEASING = YES;
				CLANG_WARN_BOOL_CONVERSION = YES;
				CLANG_WARN_COMMA = YES;
				CLANG_WARN_CONSTANT_CONVERSION = YES;
				CLANG_WARN_DEPRECATED_OBJC_IMPLEMENTATIONS = YES;
				CLANG_WARN_DIRECT_OBJC_ISA_USAGE = YES_ERROR;
				CLANG_WARN_DOCUMENTATION_COMMENTS = YES;
				CLANG_WARN_EMPTY_BODY = YES;
				CLANG_WARN_ENUM_CONVERSION = YES;
				CLANG_WARN_INFINITE_RECURSION = YES;
				CLANG_WARN_INT_CONVERSION = YES;
				CLANG_WARN_NON_LITERAL_NULL_CONVERSION = YES;
				CLANG_WARN_OBJC_IMPLICIT_RETAIN_SELF = YES;
				CLANG_WARN_OBJC_LITERAL_CONVERSION = YES;
				CLANG_WARN_OBJC_ROOT_CLASS = YES_ERROR;
				CLANG_WARN_QUOTED_INCLUDE_IN_FRAMEWORK_HEADER = YES;
				CLANG_WARN_RANGE_LOOP_ANALYSIS = YES;
				CLANG_WARN_STRICT_PROTOTYPES = YES;
				CLANG_WARN_SUSPICIOUS_MOVE = YES;
				CLANG_WARN_UNGUARDED_AVAILABILITY = YES_AGGRESSIVE;
				CLANG_WARN_UNREACHABLE_CODE = YES;
				CLANG_WARN__DUPLICATE_METHOD_MATCH = YES;
				COPY_PHASE_STRIP = NO;
				DEBUG_INFORMATION_FORMAT = dwarf;
				ENABLE_STRICT_OBJC_MSGSEND = YES;
				ENABLE_TESTABILITY = YES;
				ENABLE_USER_SCRIPT_SANDBOXING = YES;
				GCC_C_LANGUAGE_STANDARD = gnu17;
				GCC_DYNAMIC_NO_PIC = NO;
				GCC_NO_COMMON_BLOCKS = YES;
				GCC_OPTIMIZATION_LEVEL = 0;
				GCC_PREPROCESSOR_DEFINITIONS = (
					"DEBUG=1",
					"$(inherited)",
				);
				GCC_WARN_64_TO_32_BIT_CONVERSION = YES;
				GCC_WARN_ABOUT_RETURN_TYPE = YES_ERROR;
				GCC_WARN_UNDECLARED_SELECTOR = YES;
				GCC_WARN_UNINITIALIZED_AUTOS = YES_AGGRESSIVE;
				GCC_WARN_UNUSED_FUNCTION = YES;
				GCC_WARN_UNUSED_VARIABLE = YES;
				IPHONEOS_DEPLOYMENT_TARGET = 26.0;
				LOCALIZATION_PREFERS_STRING_CATALOGS = YES;
				MTL_ENABLE_DEBUG_INFO = INCLUDE_SOURCE;
				MTL_FAST_MATH = YES;
				ONLY_ACTIVE_ARCH = YES;
				SDKROOT = iphoneos;
				STRING_CATALOG_GENERATE_SYMBOLS = YES;
				SWIFT_ACTIVE_COMPILATION_CONDITIONS = "DEBUG $(inherited)";
				SWIFT_OPTIMIZATION_LEVEL = "-Onone";
			};
			name = Debug;
		};
		4284A6622F0A8F20007DBB31 /* Release */ = {
			isa = XCBuildConfiguration;
			buildSettings = {
				ALWAYS_SEARCH_USER_PATHS = NO;
				ASSETCATALOG_COMPILER_GENERATE_SWIFT_ASSET_SYMBOL_EXTENSIONS = YES;
				CLANG_ANALYZER_NONNULL = YES;
				CLANG_ANALYZER_NUMBER_OBJECT_CONVERSION = YES_AGGRESSIVE;
				CLANG_CXX_LANGUAGE_STANDARD = "gnu++20";
				CLANG_ENABLE_MODULES = YES;
				CLANG_ENABLE_OBJC_ARC = YES;
				CLANG_ENABLE_OBJC_WEAK = YES;
				CLANG_WARN_BLOCK_CAPTURE_AUTORELEASING = YES;
				CLANG_WARN_BOOL_CONVERSION = YES;
				CLANG_WARN_COMMA = YES;
				CLANG_WARN_CONSTANT_CONVERSION = YES;
				CLANG_WARN_DEPRECATED_OBJC_IMPLEMENTATIONS = YES;
				CLANG_WARN_DIRECT_OBJC_ISA_USAGE = YES_ERROR;
				CLANG_WARN_DOCUMENTATION_COMMENTS = YES;
				CLANG_WARN_EMPTY_BODY = YES;
				CLANG_WARN_ENUM_CONVERSION = YES;
				CLANG_WARN_INFINITE_RECURSION = YES;
				CLANG_WARN_INT_CONVERSION = YES;
				CLANG_WARN_NON_LITERAL_NULL_CONVERSION = YES;
				CLANG_WARN_OBJC_IMPLICIT_RETAIN_SELF = YES;
				CLANG_WARN_OBJC_LITERAL_CONVERSION = YES;
				CLANG_WARN_OBJC_ROOT_CLASS = YES_ERROR;
				CLANG_WARN_QUOTED_INCLUDE_IN_FRAMEWORK_HEADER = YES;
				CLANG_WARN_RANGE_LOOP_ANALYSIS = YES;
				CLANG_WARN_STRICT_PROTOTYPES = YES;
				CLANG_WARN_SUSPICIOUS_MOVE = YES;
				CLANG_WARN_UNGUARDED_AVAILABILITY = YES_AGGRESSIVE;
				CLANG_WARN_UNREACHABLE_CODE = YES;
				CLANG_WARN__DUPLICATE_METHOD_MATCH = YES;
				COPY_PHASE_STRIP = NO;
				DEBUG_INFORMATION_FORMAT = "dwarf-with-dsym";
				ENABLE_NS_ASSERTIONS = NO;
				ENABLE_STRICT_OBJC_MSGSEND = YES;
				ENABLE_USER_SCRIPT_SANDBOXING = YES;
				GCC_C_LANGUAGE_STANDARD = gnu17;
				GCC_NO_COMMON_BLOCKS = YES;
				GCC_WARN_64_TO_32_BIT_CONVERSION = YES;
				GCC_WARN_ABOUT_RETURN_TYPE = YES_ERROR;
				GCC_WARN_UNDECLARED_SELECTOR = YES;
				GCC_WARN_UNINITIALIZED_AUTOS = YES_AGGRESSIVE;
				GCC_WARN_UNUSED_FUNCTION = YES;
				GCC_WARN_UNUSED_VARIABLE = YES;
				IPHONEOS_DEPLOYMENT_TARGET = 26.0;
				LOCALIZATION_PREFERS_STRING_CATALOGS = YES;
				MTL_ENABLE_DEBUG_INFO = NO;
				MTL_FAST_MATH = YES;
				SDKROOT = iphoneos;
				STRING_CATALOG_GENERATE_SYMBOLS = YES;
				SWIFT_COMPILATION_MODE = wholemodule;
				VALIDATE_PRODUCT = YES;
			};
			name = Release;
		};
		4284A6642F0A8F20007DBB31 /* Debug */ = {
			isa = XCBuildConfiguration;
			buildSettings = {
				BUNDLE_LOADER = "$(TEST_HOST)";
				CODE_SIGN_STYLE = Automatic;
				CURRENT_PROJECT_VERSION = 1;
				GENERATE_INFOPLIST_FILE = YES;
				IPHONEOS_DEPLOYMENT_TARGET = 26.0;
				MARKETING_VERSION = 1.0;
				PRODUCT_BUNDLE_IDENTIFIER = "-.ShikimoriPetAppTests";
				PRODUCT_NAME = "$(TARGET_NAME)";
				STRING_CATALOG_GENERATE_SYMBOLS = NO;
				SWIFT_APPROACHABLE_CONCURRENCY = YES;
				SWIFT_EMIT_LOC_STRINGS = NO;
				SWIFT_UPCOMING_FEATURE_MEMBER_IMPORT_VISIBILITY = YES;
				SWIFT_VERSION = 5.0;
				TARGETED_DEVICE_FAMILY = "1,2";
				TEST_HOST = "$(BUILT_PRODUCTS_DIR)/ShikimoriPetApp.app/$(BUNDLE_EXECUTABLE_FOLDER_PATH)/ShikimoriPetApp";
			};
			name = Debug;
		};
		4284A6652F0A8F20007DBB31 /* Release */ = {
			isa = XCBuildConfiguration;
			buildSettings = {
				BUNDLE_LOADER = "$(TEST_HOST)";
				CODE_SIGN_STYLE = Automatic;
				CURRENT_PROJECT_VERSION = 1;
				GENERATE_INFOPLIST_FILE = YES;
				IPHONEOS_DEPLOYMENT_TARGET = 26.0;
				MARKETING_VERSION = 1.0;
				PRODUCT_BUNDLE_IDENTIFIER = "-.ShikimoriPetAppTests";
				PRODUCT_NAME = "$(TARGET_NAME)";
				STRING_CATALOG_GENERATE_SYMBOLS = NO;
				SWIFT_APPROACHABLE_CONCURRENCY = YES;
				SWIFT_EMIT_LOC_STRINGS = NO;
				SWIFT_UPCOMING_FEATURE_MEMBER_IMPORT_VISIBILITY = YES;
				SWIFT_VERSION = 5.0;
				TARGETED_DEVICE_FAMILY = "1,2";
				TEST_HOST = "$(BUILT_PRODUCTS_DIR)/ShikimoriPetApp.app/$(BUNDLE_EXECUTABLE_FOLDER_PATH)/ShikimoriPetApp";
			};
			name = Release;
		};
		4284A6672F0A8F20007DBB31 /* Debug */ = {
			isa = XCBuildConfiguration;
			buildSettings = {
				CODE_SIGN_STYLE = Automatic;
				CURRENT_PROJECT_VERSION = 1;
				GENERATE_INFOPLIST_FILE = YES;
				MARKETING_VERSION = 1.0;
				PRODUCT_BUNDLE_IDENTIFIER = "-.ShikimoriPetAppUITests";
				PRODUCT_NAME = "$(TARGET_NAME)";
				STRING_CATALOG_GENERATE_SYMBOLS = NO;
				SWIFT_APPROACHABLE_CONCURRENCY = YES;
				SWIFT_EMIT_LOC_STRINGS = NO;
				SWIFT_UPCOMING_FEATURE_MEMBER_IMPORT_VISIBILITY = YES;
				SWIFT_VERSION = 5.0;
				TARGETED_DEVICE_FAMILY = "1,2";
				TEST_TARGET_NAME = ShikimoriPetApp;
			};
			name = Debug;
		};
		4284A6682F0A8F20007DBB31 /* Release */ = {
			isa = XCBuildConfiguration;
			buildSettings = {
				CODE_SIGN_STYLE = Automatic;
				CURRENT_PROJECT_VERSION = 1;
				GENERATE_INFOPLIST_FILE = YES;
				MARKETING_VERSION = 1.0;
				PRODUCT_BUNDLE_IDENTIFIER = "-.ShikimoriPetAppUITests";
				PRODUCT_NAME = "$(TARGET_NAME)";
				STRING_CATALOG_GENERATE_SYMBOLS = NO;
				SWIFT_APPROACHABLE_CONCURRENCY = YES;
				SWIFT_EMIT_LOC_STRINGS = NO;
				SWIFT_UPCOMING_FEATURE_MEMBER_IMPORT_VISIBILITY = YES;
				SWIFT_VERSION = 5.0;
				TARGETED_DEVICE_FAMILY = "1,2";
				TEST_TARGET_NAME = ShikimoriPetApp;
			};
			name = Release;
		};
/* End XCBuildConfiguration section */

/* Begin XCConfigurationList section */
		4284A6302F0A8F1E007DBB31 /* Build configuration list for PBXProject "ShikimoriPetApp" */ = {
			isa = XCConfigurationList;
			buildConfigurations = (
				4284A6612F0A8F20007DBB31 /* Debug */,
				4284A6622F0A8F20007DBB31 /* Release */,
			);
			defaultConfigurationIsVisible = 0;
			defaultConfigurationName = Release;
		};
		4284A65E2F0A8F20007DBB31 /* Build configuration list for PBXNativeTarget "ShikimoriPetApp" */ = {
			isa = XCConfigurationList;
			buildConfigurations = (
				4284A65F2F0A8F20007DBB31 /* Debug */,
				4284A6602F0A8F20007DBB31 /* Release */,
			);
			defaultConfigurationIsVisible = 0;
			defaultConfigurationName = Release;
		};
		4284A6632F0A8F20007DBB31 /* Build configuration list for PBXNativeTarget "ShikimoriPetAppTests" */ = {
			isa = XCConfigurationList;
			buildConfigurations = (
				4284A6642F0A8F20007DBB31 /* Debug */,
				4284A6652F0A8F20007DBB31 /* Release */,
			);
			defaultConfigurationIsVisible = 0;
			defaultConfigurationName = Release;
		};
		4284A6662F0A8F20007DBB31 /* Build configuration list for PBXNativeTarget "ShikimoriPetAppUITests" */ = {
			isa = XCConfigurationList;
			buildConfigurations = (
				4284A6672F0A8F20007DBB31 /* Debug */,
				4284A6682F0A8F20007DBB31 /* Release */,
			);
			defaultConfigurationIsVisible = 0;
			defaultConfigurationName = Release;
		};
/* End XCConfigurationList section */

/* Begin XCRemoteSwiftPackageReference section */
		42DAF8A62F5EA92A0059B01B /* XCRemoteSwiftPackageReference "Kingfisher" */ = {
			isa = XCRemoteSwiftPackageReference;
			repositoryURL = "https://github.com/onevcat/Kingfisher.git";
			requirement = {
				kind = upToNextMajorVersion;
				minimumVersion = 8.8.0;
			};
		};
		42DAF8A92F5EA9360059B01B /* XCRemoteSwiftPackageReference "SnapKit" */ = {
			isa = XCRemoteSwiftPackageReference;
			repositoryURL = "https://github.com/SnapKit/SnapKit";
			requirement = {
				kind = upToNextMajorVersion;
				minimumVersion = 5.7.1;
			};
		};
/* End XCRemoteSwiftPackageReference section */

/* Begin XCSwiftPackageProductDependency section */
		42DAF8A72F5EA92A0059B01B /* Kingfisher */ = {
			isa = XCSwiftPackageProductDependency;
			package = 42DAF8A62F5EA92A0059B01B /* XCRemoteSwiftPackageReference "Kingfisher" */;
			productName = Kingfisher;
		};
		42DAF8AA2F5EA9360059B01B /* SnapKit */ = {
			isa = XCSwiftPackageProductDependency;
			package = 42DAF8A92F5EA9360059B01B /* XCRemoteSwiftPackageReference "SnapKit" */;
			productName = SnapKit;
		};
/* End XCSwiftPackageProductDependency section */
	};
	rootObject = 4284A62D2F0A8F1E007DBB31 /* Project object */;
}
